
Microsoft Visual Studio Solution File, Format Version 12.00
# Visual Studio Version 17
VisualStudioVersion = 17.1.32210.238
MinimumVisualStudioVersion = 10.0.40219.1
Project("{FAE04EC0-301F-11D3-BF4B-00C04F79EFBC}") = "Model", "Model\Model.csproj", "{03E5DC3B-0515-47D0-8E92-3BB4CDEECCB9}"
EndProject
Project("{FAE04EC0-301F-11D3-BF4B-00C04F79EFBC}") = "DAL", "DAL\DAL.csproj", "{FD9CA553-6DE0-4DDD-8D98-AC7698853CF9}"
EndProject
Project("{FAE04EC0-301F-11D3-BF4B-00C04F79EFBC}") = "Service", "Service\Service.csproj", "{8DBA41CF-F447-4AE0-A053-DF8E00E70DFF}"
EndProject
Project("{FAE04EC0-301F-11D3-BF4B-00C04F79EFBC}") = "UI", "UI\UI.csproj", "{223DF72A-B574-4B52-9AD6-E0F5C3E814E0}"
EndProject
Global
	GlobalSection(SolutionConfigurationPlatforms) = preSolution
		Debug|Any CPU = Debug|Any CPU
		Release|Any CPU = Release|Any CPU
	EndGlobalSection
	GlobalSection(ProjectConfigurationPlatforms) = postSolution
		{03E5DC3B-0515-47D0-8E92-3BB4CDEECCB9}.Debug|Any CPU.ActiveCfg = Debug|Any CPU
		{03E5DC3B-0515-47D0-8E92-3BB4CDEECCB9}.Debug|Any CPU.Build.0 = Debug|Any CPU
		{03E5DC3B-0515-47D0-8E92-3BB4CDEECCB9}.Release|Any CPU.ActiveCfg = Release|Any CPU
		{03E5DC3B-0515-47D0-8E92-3BB4CDEECCB9}.Release|Any CPU.Build.0 = Release|Any CPU
		{FD9CA553-6DE0-4DDD-8D98-AC7698853CF9}.Debug|Any CPU.ActiveCfg = Debug|Any CPU
		{FD9CA553-6DE0-4DDD-8D98-AC7698853CF9}.Debug|Any CPU.Build.0 = Debug|Any CPU
		{FD9CA553-6DE0-4DDD-8D98-AC7698853CF9}.Release|Any CPU.ActiveCfg = Release|Any CPU
		{FD9CA553-6DE0-4DDD-8D98-AC7698853CF9}.Release|Any CPU.Build.0 = Release|Any CPU
		{8DBA41CF-F447-4AE0-A053-DF8E00E70DFF}.Debug|Any CPU.ActiveCfg = Debug|Any CPU
		{8DBA41CF-F447-4AE0-A053-DF8E00E70DFF}.Debug|Any CPU.Build.0 = Debug|Any CPU
		{8DBA41CF-F447-4AE0-A053-DF8E00E70DFF}.Release|Any CPU.ActiveCfg = Release|Any CPU
		{8DBA41CF-F447-4AE0-A053-DF8E00E70DFF}.Release|Any CPU.Build.0 = Release|Any CPU
		{223DF72A-B574-4B52-9AD6-E0F5C3E814E0}.Debug|Any CPU.ActiveCfg = Debug|Any CPU
		{223DF72A-B574-4B52-9AD6-E0F5C3E814E0}.Debug|Any CPU.Build.0 = Debug|Any CPU
		{223DF72A-B574-4B52-9AD6-E0F5C3E814E0}.Release|Any CPU.ActiveCfg = Release|Any CPU
		{223DF72A-B574-4B52-9AD6-E0F5C3E814E0}.Release|Any CPU.Build.0 = Release|Any CPU
	EndGlobalSection
	GlobalSection(SolutionProperties) = preSolution
		HideSolutionNode = FALSE
	EndGlobalSection
	GlobalSection(ExtensibilityGlobals) = postSolution
		SolutionGuid = {405FB33E-37A1-40D1-BBB7-119A126DF32B}
	EndGlobalSection
EndGlobal
